{
  "object": {
    "pins": [
      {
        "package": "Alamofire",
        "repositoryURL": "https://github.com/Alamofire/Alamofire.git",
        "state": {
          "branch": null,
          "revision": "f96b619bcb2383b43d898402283924b80e2c4bae",
          "version": "5.4.3"
        }
      },
      {
        "package": "KeychainSwift",
        "repositoryURL": "https://github.com/evgenyneu/keychain-swift.git",
        "state": {
          "branch": null,
          "revision": "96fb84f45a96630e7583903bd7e08cf095c7a7ef",
          "version": "19.0.0"
        }
      },
      {
        "package": "NimbleExtension",
        "repositoryURL": "https://github.com/nimblehq/NimbleExtension.git",
        "state": {
          "branch": "feature/spm",
          "revision": "51ae422570d96c3ce1b4390c5b46f3db83564099",
          "version": null
        }
      }
    ]
  },
  "version": 1
}
