// !$*UTF8*$!
{
	archiveVersion = 1;
	classes = {
	};
	objectVersion = 52;
	objects = {

/* Begin PBXBuildFile section */
		0902826D26EB232C0010F02E /* NotificationsService.swift in Sources */ = {isa = PBXBuildFile; fileRef = 0902826C26EB232C0010F02E /* NotificationsService.swift */; };
		0902827126EB25460010F02E /* APINotification.swift in Sources */ = {isa = PBXBuildFile; fileRef = 0902827026EB25460010F02E /* APINotification.swift */; };
		0902827426EB265B0010F02E /* NotificationReason.swift in Sources */ = {isa = PBXBuildFile; fileRef = 0902827326EB265B0010F02E /* NotificationReason.swift */; };
		0902827726EB29270010F02E /* NotificationRequestConfiguration.swift in Sources */ = {isa = PBXBuildFile; fileRef = 0902827626EB29270010F02E /* NotificationRequestConfiguration.swift */; };
		0902828126EB35350010F02E /* AuthenticatedInterceptor.swift in Sources */ = {isa = PBXBuildFile; fileRef = 0902828026EB35350010F02E /* AuthenticatedInterceptor.swift */; };
		0902828426EB361F0010F02E /* Keychain.swift in Sources */ = {isa = PBXBuildFile; fileRef = 0902828326EB361F0010F02E /* Keychain.swift */; };
		0902828626EB364B0010F02E /* KeychainKey.swift in Sources */ = {isa = PBXBuildFile; fileRef = 0902828526EB364B0010F02E /* KeychainKey.swift */; };
		0902828926EB47360010F02E /* KeychainSwift in Frameworks */ = {isa = PBXBuildFile; productRef = 0902828826EB47360010F02E /* KeychainSwift */; };
		0902828C26EB54220010F02E /* GeneralScreen.swift in Sources */ = {isa = PBXBuildFile; fileRef = 0902828B26EB54220010F02E /* GeneralScreen.swift */; };
		0902828E26EB55D50010F02E /* SettingSwitchView.swift in Sources */ = {isa = PBXBuildFile; fileRef = 0902828D26EB55D50010F02E /* SettingSwitchView.swift */; };
		0902829126EB603C0010F02E /* SwitchToggleStyle.swift in Sources */ = {isa = PBXBuildFile; fileRef = 0902829026EB603C0010F02E /* SwitchToggleStyle.swift */; };
		0902829326EB64D20010F02E /* GeneralScreenObservable.swift in Sources */ = {isa = PBXBuildFile; fileRef = 0902829226EB64D20010F02E /* GeneralScreenObservable.swift */; };
		099D0AF726E783EC00960001 /* AppDelegate.swift in Sources */ = {isa = PBXBuildFile; fileRef = 099D0AF626E783EC00960001 /* AppDelegate.swift */; };
		099D0AF926E783EC00960001 /* SceneDelegate.swift in Sources */ = {isa = PBXBuildFile; fileRef = 099D0AF826E783EC00960001 /* SceneDelegate.swift */; };
		099D0AFB26E783EC00960001 /* ContentView.swift in Sources */ = {isa = PBXBuildFile; fileRef = 099D0AFA26E783EC00960001 /* ContentView.swift */; };
		099D0AFD26E783F100960001 /* Assets.xcassets in Resources */ = {isa = PBXBuildFile; fileRef = 099D0AFC26E783F100960001 /* Assets.xcassets */; };
		099D0B0026E783F100960001 /* Preview Assets.xcassets in Resources */ = {isa = PBXBuildFile; fileRef = 099D0AFF26E783F100960001 /* Preview Assets.xcassets */; };
		099D0B0326E783F100960001 /* LaunchScreen.storyboard in Resources */ = {isa = PBXBuildFile; fileRef = 099D0B0126E783F100960001 /* LaunchScreen.storyboard */; };
		099D0B0E26E783F200960001 /* GithubNotificationsTests.swift in Sources */ = {isa = PBXBuildFile; fileRef = 099D0B0D26E783F200960001 /* GithubNotificationsTests.swift */; };
		099D0B1926E783F200960001 /* GithubNotificationsUITests.swift in Sources */ = {isa = PBXBuildFile; fileRef = 099D0B1826E783F200960001 /* GithubNotificationsUITests.swift */; };
		099D0B2C26E7875400960001 /* Alamofire in Frameworks */ = {isa = PBXBuildFile; productRef = 099D0B2B26E7875400960001 /* Alamofire */; };
		099D0B6126E78A2B00960001 /* GithubAPI.swift in Sources */ = {isa = PBXBuildFile; fileRef = 099D0B4026E78A2B00960001 /* GithubAPI.swift */; };
		099D0B6526E78A2B00960001 /* Network+Typealias.swift in Sources */ = {isa = PBXBuildFile; fileRef = 099D0B4526E78A2B00960001 /* Network+Typealias.swift */; };
		099D0B6626E78A2B00960001 /* BaseModels.swift in Sources */ = {isa = PBXBuildFile; fileRef = 099D0B4626E78A2B00960001 /* BaseModels.swift */; };
		099D0B6726E78A2B00960001 /* Request.swift in Sources */ = {isa = PBXBuildFile; fileRef = 099D0B4726E78A2B00960001 /* Request.swift */; };
		099D0B6826E78A2B00960001 /* API.swift in Sources */ = {isa = PBXBuildFile; fileRef = 099D0B4826E78A2B00960001 /* API.swift */; };
		099D0B6926E78A2B00960001 /* RequestConfiguration.swift in Sources */ = {isa = PBXBuildFile; fileRef = 099D0B4926E78A2B00960001 /* RequestConfiguration.swift */; };
		099D0B6A26E78A2B00960001 /* NetworkServiceFactory.swift in Sources */ = {isa = PBXBuildFile; fileRef = 099D0B4B26E78A2B00960001 /* NetworkServiceFactory.swift */; };
		099D0B6B26E78A2B00960001 /* DecoderFactory.swift in Sources */ = {isa = PBXBuildFile; fileRef = 099D0B4C26E78A2B00960001 /* DecoderFactory.swift */; };
		099D0B7B26E78B7400960001 /* Constants.swift in Sources */ = {isa = PBXBuildFile; fileRef = 099D0B7A26E78B7400960001 /* Constants.swift */; };
		099D0B7D26E78DB200960001 /* GithubAPIError.swift in Sources */ = {isa = PBXBuildFile; fileRef = 099D0B7C26E78DB200960001 /* GithubAPIError.swift */; };
		099D0B8026E85ACA00960001 /* NimbleExtension in Frameworks */ = {isa = PBXBuildFile; productRef = 099D0B7F26E85ACA00960001 /* NimbleExtension */; };
		09D7774F26EF38E700417BD1 /* NetworkPoll.swift in Sources */ = {isa = PBXBuildFile; fileRef = 09D7774E26EF38E700417BD1 /* NetworkPoll.swift */; };
		8458AF7B26E8731F009F1B9B /* LoginScreen.swift in Sources */ = {isa = PBXBuildFile; fileRef = 8458AF7A26E8731F009F1B9B /* LoginScreen.swift */; };
		84C9E91526E9D18F00B56DD4 /* TextLabelWithHyperLink.swift in Sources */ = {isa = PBXBuildFile; fileRef = 84C9E91426E9D18F00B56DD4 /* TextLabelWithHyperLink.swift */; };
		84C9E91926E9F12900B56DD4 /* NSMutableAttributedString+Range.swift in Sources */ = {isa = PBXBuildFile; fileRef = 84C9E91826E9F12900B56DD4 /* NSMutableAttributedString+Range.swift */; };
		09D7774926EB674200417BD1 /* AppStorage+Key.swift in Sources */ = {isa = PBXBuildFile; fileRef = 09D7774826EB674100417BD1 /* AppStorage+Key.swift */; };
		09D7774B26EB6B4900417BD1 /* SettingSwitchViewModel.swift in Sources */ = {isa = PBXBuildFile; fileRef = 09D7774A26EB6B4900417BD1 /* SettingSwitchViewModel.swift */; };
		9001258626E9E9B500C2643C /* RepositoryScreen.swift in Sources */ = {isa = PBXBuildFile; fileRef = 9001258526E9E9B500C2643C /* RepositoryScreen.swift */; };
		9001258F26E9F26000C2643C /* Color+Hex.swift in Sources */ = {isa = PBXBuildFile; fileRef = 9001258E26E9F26000C2643C /* Color+Hex.swift */; };
		9001259326E9FB8900C2643C /* View+Border.swift in Sources */ = {isa = PBXBuildFile; fileRef = 9001259226E9FB8900C2643C /* View+Border.swift */; };
		900125B226EA058300C2643C /* RoundedButtonStyle.swift in Sources */ = {isa = PBXBuildFile; fileRef = 900125B126EA058300C2643C /* RoundedButtonStyle.swift */; };
		900125B626EA18AD00C2643C /* SearchRepoScreen.swift in Sources */ = {isa = PBXBuildFile; fileRef = 900125B526EA18AD00C2643C /* SearchRepoScreen.swift */; };
		900125B826EB198800C2643C /* SearchBar.swift in Sources */ = {isa = PBXBuildFile; fileRef = 900125B726EB198800C2643C /* SearchBar.swift */; };
		900125CE26EB605500C2643C /* RepositoryCellViewModel.swift in Sources */ = {isa = PBXBuildFile; fileRef = 900125CC26EB605500C2643C /* RepositoryCellViewModel.swift */; };
		900125CF26EB605500C2643C /* RepositoryCell.swift in Sources */ = {isa = PBXBuildFile; fileRef = 900125CD26EB605500C2643C /* RepositoryCell.swift */; };
		900125D426EB607600C2643C /* Repository.swift in Sources */ = {isa = PBXBuildFile; fileRef = 900125D326EB607600C2643C /* Repository.swift */; };
/* End PBXBuildFile section */

/* Begin PBXContainerItemProxy section */
		099D0B0A26E783F200960001 /* PBXContainerItemProxy */ = {
			isa = PBXContainerItemProxy;
			containerPortal = 099D0AEB26E783EC00960001 /* Project object */;
			proxyType = 1;
			remoteGlobalIDString = 099D0AF226E783EC00960001;
			remoteInfo = GithubNotifications;
		};
		099D0B1526E783F200960001 /* PBXContainerItemProxy */ = {
			isa = PBXContainerItemProxy;
			containerPortal = 099D0AEB26E783EC00960001 /* Project object */;
			proxyType = 1;
			remoteGlobalIDString = 099D0AF226E783EC00960001;
			remoteInfo = GithubNotifications;
		};
/* End PBXContainerItemProxy section */

/* Begin PBXFileReference section */
		0902826C26EB232C0010F02E /* NotificationsService.swift */ = {isa = PBXFileReference; lastKnownFileType = sourcecode.swift; path = NotificationsService.swift; sourceTree = "<group>"; };
		0902827026EB25460010F02E /* APINotification.swift */ = {isa = PBXFileReference; lastKnownFileType = sourcecode.swift; path = APINotification.swift; sourceTree = "<group>"; };
		0902827326EB265B0010F02E /* NotificationReason.swift */ = {isa = PBXFileReference; lastKnownFileType = sourcecode.swift; path = NotificationReason.swift; sourceTree = "<group>"; };
		0902827626EB29270010F02E /* NotificationRequestConfiguration.swift */ = {isa = PBXFileReference; lastKnownFileType = sourcecode.swift; path = NotificationRequestConfiguration.swift; sourceTree = "<group>"; };
		0902828026EB35350010F02E /* AuthenticatedInterceptor.swift */ = {isa = PBXFileReference; lastKnownFileType = sourcecode.swift; path = AuthenticatedInterceptor.swift; sourceTree = "<group>"; };
		0902828326EB361F0010F02E /* Keychain.swift */ = {isa = PBXFileReference; lastKnownFileType = sourcecode.swift; path = Keychain.swift; sourceTree = "<group>"; };
		0902828526EB364B0010F02E /* KeychainKey.swift */ = {isa = PBXFileReference; lastKnownFileType = sourcecode.swift; path = KeychainKey.swift; sourceTree = "<group>"; };
		0902828B26EB54220010F02E /* GeneralScreen.swift */ = {isa = PBXFileReference; lastKnownFileType = sourcecode.swift; path = GeneralScreen.swift; sourceTree = "<group>"; };
		0902828D26EB55D50010F02E /* SettingSwitchView.swift */ = {isa = PBXFileReference; lastKnownFileType = sourcecode.swift; path = SettingSwitchView.swift; sourceTree = "<group>"; };
		0902829026EB603C0010F02E /* SwitchToggleStyle.swift */ = {isa = PBXFileReference; lastKnownFileType = sourcecode.swift; path = SwitchToggleStyle.swift; sourceTree = "<group>"; };
		0902829226EB64D20010F02E /* GeneralScreenObservable.swift */ = {isa = PBXFileReference; lastKnownFileType = sourcecode.swift; path = GeneralScreenObservable.swift; sourceTree = "<group>"; };
		099D0AF326E783EC00960001 /* GithubNotifications.app */ = {isa = PBXFileReference; explicitFileType = wrapper.application; includeInIndex = 0; path = GithubNotifications.app; sourceTree = BUILT_PRODUCTS_DIR; };
		099D0AF626E783EC00960001 /* AppDelegate.swift */ = {isa = PBXFileReference; lastKnownFileType = sourcecode.swift; path = AppDelegate.swift; sourceTree = "<group>"; };
		099D0AF826E783EC00960001 /* SceneDelegate.swift */ = {isa = PBXFileReference; lastKnownFileType = sourcecode.swift; path = SceneDelegate.swift; sourceTree = "<group>"; };
		099D0AFA26E783EC00960001 /* ContentView.swift */ = {isa = PBXFileReference; lastKnownFileType = sourcecode.swift; path = ContentView.swift; sourceTree = "<group>"; };
		099D0AFC26E783F100960001 /* Assets.xcassets */ = {isa = PBXFileReference; lastKnownFileType = folder.assetcatalog; path = Assets.xcassets; sourceTree = "<group>"; };
		099D0AFF26E783F100960001 /* Preview Assets.xcassets */ = {isa = PBXFileReference; lastKnownFileType = folder.assetcatalog; path = "Preview Assets.xcassets"; sourceTree = "<group>"; };
		099D0B0226E783F100960001 /* Base */ = {isa = PBXFileReference; lastKnownFileType = file.storyboard; name = Base; path = Base.lproj/LaunchScreen.storyboard; sourceTree = "<group>"; };
		099D0B0426E783F100960001 /* Info.plist */ = {isa = PBXFileReference; lastKnownFileType = text.plist.xml; path = Info.plist; sourceTree = "<group>"; };
		099D0B0926E783F200960001 /* GithubNotificationsTests.xctest */ = {isa = PBXFileReference; explicitFileType = wrapper.cfbundle; includeInIndex = 0; path = GithubNotificationsTests.xctest; sourceTree = BUILT_PRODUCTS_DIR; };
		099D0B0D26E783F200960001 /* GithubNotificationsTests.swift */ = {isa = PBXFileReference; lastKnownFileType = sourcecode.swift; path = GithubNotificationsTests.swift; sourceTree = "<group>"; };
		099D0B0F26E783F200960001 /* Info.plist */ = {isa = PBXFileReference; lastKnownFileType = text.plist.xml; path = Info.plist; sourceTree = "<group>"; };
		099D0B1426E783F200960001 /* GithubNotificationsUITests.xctest */ = {isa = PBXFileReference; explicitFileType = wrapper.cfbundle; includeInIndex = 0; path = GithubNotificationsUITests.xctest; sourceTree = BUILT_PRODUCTS_DIR; };
		099D0B1826E783F200960001 /* GithubNotificationsUITests.swift */ = {isa = PBXFileReference; lastKnownFileType = sourcecode.swift; path = GithubNotificationsUITests.swift; sourceTree = "<group>"; };
		099D0B1A26E783F200960001 /* Info.plist */ = {isa = PBXFileReference; lastKnownFileType = text.plist.xml; path = Info.plist; sourceTree = "<group>"; };
		099D0B2626E7846E00960001 /* GithubNotifications.entitlements */ = {isa = PBXFileReference; lastKnownFileType = text.plist.entitlements; path = GithubNotifications.entitlements; sourceTree = "<group>"; };
		099D0B4026E78A2B00960001 /* GithubAPI.swift */ = {isa = PBXFileReference; fileEncoding = 4; lastKnownFileType = sourcecode.swift; path = GithubAPI.swift; sourceTree = "<group>"; };
		099D0B4526E78A2B00960001 /* Network+Typealias.swift */ = {isa = PBXFileReference; fileEncoding = 4; lastKnownFileType = sourcecode.swift; path = "Network+Typealias.swift"; sourceTree = "<group>"; };
		099D0B4626E78A2B00960001 /* BaseModels.swift */ = {isa = PBXFileReference; fileEncoding = 4; lastKnownFileType = sourcecode.swift; path = BaseModels.swift; sourceTree = "<group>"; };
		099D0B4726E78A2B00960001 /* Request.swift */ = {isa = PBXFileReference; fileEncoding = 4; lastKnownFileType = sourcecode.swift; path = Request.swift; sourceTree = "<group>"; };
		099D0B4826E78A2B00960001 /* API.swift */ = {isa = PBXFileReference; fileEncoding = 4; lastKnownFileType = sourcecode.swift; path = API.swift; sourceTree = "<group>"; };
		099D0B4926E78A2B00960001 /* RequestConfiguration.swift */ = {isa = PBXFileReference; fileEncoding = 4; lastKnownFileType = sourcecode.swift; path = RequestConfiguration.swift; sourceTree = "<group>"; };
		099D0B4B26E78A2B00960001 /* NetworkServiceFactory.swift */ = {isa = PBXFileReference; fileEncoding = 4; lastKnownFileType = sourcecode.swift; path = NetworkServiceFactory.swift; sourceTree = "<group>"; };
		099D0B4C26E78A2B00960001 /* DecoderFactory.swift */ = {isa = PBXFileReference; fileEncoding = 4; lastKnownFileType = sourcecode.swift; path = DecoderFactory.swift; sourceTree = "<group>"; };
		099D0B7A26E78B7400960001 /* Constants.swift */ = {isa = PBXFileReference; lastKnownFileType = sourcecode.swift; path = Constants.swift; sourceTree = "<group>"; };
		099D0B7C26E78DB200960001 /* GithubAPIError.swift */ = {isa = PBXFileReference; lastKnownFileType = sourcecode.swift; path = GithubAPIError.swift; sourceTree = "<group>"; };
		09D7774E26EF38E700417BD1 /* NetworkPoll.swift */ = {isa = PBXFileReference; lastKnownFileType = sourcecode.swift; path = NetworkPoll.swift; sourceTree = "<group>"; };
		8458AF7A26E8731F009F1B9B /* LoginScreen.swift */ = {isa = PBXFileReference; lastKnownFileType = sourcecode.swift; path = LoginScreen.swift; sourceTree = "<group>"; };
		84C9E91426E9D18F00B56DD4 /* TextLabelWithHyperLink.swift */ = {isa = PBXFileReference; lastKnownFileType = sourcecode.swift; path = TextLabelWithHyperLink.swift; sourceTree = "<group>"; };
		84C9E91826E9F12900B56DD4 /* NSMutableAttributedString+Range.swift */ = {isa = PBXFileReference; lastKnownFileType = sourcecode.swift; path = "NSMutableAttributedString+Range.swift"; sourceTree = "<group>"; };
		09D7774826EB674100417BD1 /* AppStorage+Key.swift */ = {isa = PBXFileReference; lastKnownFileType = sourcecode.swift; path = "AppStorage+Key.swift"; sourceTree = "<group>"; };
		09D7774A26EB6B4900417BD1 /* SettingSwitchViewModel.swift */ = {isa = PBXFileReference; lastKnownFileType = sourcecode.swift; path = SettingSwitchViewModel.swift; sourceTree = "<group>"; };
		9001258526E9E9B500C2643C /* RepositoryScreen.swift */ = {isa = PBXFileReference; lastKnownFileType = sourcecode.swift; path = RepositoryScreen.swift; sourceTree = "<group>"; };
		9001258E26E9F26000C2643C /* Color+Hex.swift */ = {isa = PBXFileReference; lastKnownFileType = sourcecode.swift; path = "Color+Hex.swift"; sourceTree = "<group>"; };
		9001259226E9FB8900C2643C /* View+Border.swift */ = {isa = PBXFileReference; lastKnownFileType = sourcecode.swift; path = "View+Border.swift"; sourceTree = "<group>"; };
		900125B126EA058300C2643C /* RoundedButtonStyle.swift */ = {isa = PBXFileReference; lastKnownFileType = sourcecode.swift; path = RoundedButtonStyle.swift; sourceTree = "<group>"; };
		900125B526EA18AD00C2643C /* SearchRepoScreen.swift */ = {isa = PBXFileReference; lastKnownFileType = sourcecode.swift; path = SearchRepoScreen.swift; sourceTree = "<group>"; };
		900125B726EB198800C2643C /* SearchBar.swift */ = {isa = PBXFileReference; lastKnownFileType = sourcecode.swift; path = SearchBar.swift; sourceTree = "<group>"; };
		900125CC26EB605500C2643C /* RepositoryCellViewModel.swift */ = {isa = PBXFileReference; fileEncoding = 4; lastKnownFileType = sourcecode.swift; path = RepositoryCellViewModel.swift; sourceTree = "<group>"; };
		900125CD26EB605500C2643C /* RepositoryCell.swift */ = {isa = PBXFileReference; fileEncoding = 4; lastKnownFileType = sourcecode.swift; path = RepositoryCell.swift; sourceTree = "<group>"; };
		900125D326EB607600C2643C /* Repository.swift */ = {isa = PBXFileReference; fileEncoding = 4; lastKnownFileType = sourcecode.swift; path = Repository.swift; sourceTree = "<group>"; };
/* End PBXFileReference section */

/* Begin PBXFrameworksBuildPhase section */
		099D0AF026E783EC00960001 /* Frameworks */ = {
			isa = PBXFrameworksBuildPhase;
			buildActionMask = 2147483647;
			files = (
				099D0B2C26E7875400960001 /* Alamofire in Frameworks */,
				0902828926EB47360010F02E /* KeychainSwift in Frameworks */,
				099D0B8026E85ACA00960001 /* NimbleExtension in Frameworks */,
			);
			runOnlyForDeploymentPostprocessing = 0;
		};
		099D0B0626E783F200960001 /* Frameworks */ = {
			isa = PBXFrameworksBuildPhase;
			buildActionMask = 2147483647;
			files = (
			);
			runOnlyForDeploymentPostprocessing = 0;
		};
		099D0B1126E783F200960001 /* Frameworks */ = {
			isa = PBXFrameworksBuildPhase;
			buildActionMask = 2147483647;
			files = (
			);
			runOnlyForDeploymentPostprocessing = 0;
		};
/* End PBXFrameworksBuildPhase section */

/* Begin PBXGroup section */
		0902826E26EB24240010F02E /* Models */ = {
			isa = PBXGroup;
			children = (
				0902827226EB26090010F02E /* AppModels */,
				0902826F26EB24320010F02E /* APIModels */,
			);
			path = Models;
			sourceTree = "<group>";
		};
		0902826F26EB24320010F02E /* APIModels */ = {
			isa = PBXGroup;
			children = (
				0902827026EB25460010F02E /* APINotification.swift */,
				0902827326EB265B0010F02E /* NotificationReason.swift */,
			);
			path = APIModels;
			sourceTree = "<group>";
		};
		0902827226EB26090010F02E /* AppModels */ = {
			isa = PBXGroup;
			children = (
			);
			path = AppModels;
			sourceTree = "<group>";
		};
		0902827526EB29070010F02E /* RequestConfigurations */ = {
			isa = PBXGroup;
			children = (
				0902827626EB29270010F02E /* NotificationRequestConfiguration.swift */,
			);
			path = RequestConfigurations;
			sourceTree = "<group>";
		};
		0902827F26EB35150010F02E /* Interceptors */ = {
			isa = PBXGroup;
			children = (
				0902828026EB35350010F02E /* AuthenticatedInterceptor.swift */,
			);
			path = Interceptors;
			sourceTree = "<group>";
		};
		0902828226EB360D0010F02E /* Keychain */ = {
			isa = PBXGroup;
			children = (
				0902828326EB361F0010F02E /* Keychain.swift */,
				0902828526EB364B0010F02E /* KeychainKey.swift */,
			);
			path = Keychain;
			sourceTree = "<group>";
		};
		0902828A26EB54140010F02E /* General */ = {
			isa = PBXGroup;
			children = (
				0902828B26EB54220010F02E /* GeneralScreen.swift */,
				0902829226EB64D20010F02E /* GeneralScreenObservable.swift */,
				09D7774C26EB6B4E00417BD1 /* SettingSwitch */,
			);
			path = General;
			sourceTree = "<group>";
		};
		0902828F26EB60180010F02E /* Toggles */ = {
			isa = PBXGroup;
			children = (
				0902829026EB603C0010F02E /* SwitchToggleStyle.swift */,
			);
			path = Toggles;
			sourceTree = "<group>";
		};
		099D0AEA26E783EC00960001 = {
			isa = PBXGroup;
			children = (
				099D0B2D26E7878000960001 /* Source */,
				099D0AF526E783EC00960001 /* GithubNotifications */,
				099D0B0C26E783F200960001 /* GithubNotificationsTests */,
				099D0B1726E783F200960001 /* GithubNotificationsUITests */,
				099D0AF426E783EC00960001 /* Products */,
			);
			sourceTree = "<group>";
		};
		099D0AF426E783EC00960001 /* Products */ = {
			isa = PBXGroup;
			children = (
				099D0AF326E783EC00960001 /* GithubNotifications.app */,
				099D0B0926E783F200960001 /* GithubNotificationsTests.xctest */,
				099D0B1426E783F200960001 /* GithubNotificationsUITests.xctest */,
			);
			name = Products;
			sourceTree = "<group>";
		};
		099D0AF526E783EC00960001 /* GithubNotifications */ = {
			isa = PBXGroup;
			children = (
				099D0B2626E7846E00960001 /* GithubNotifications.entitlements */,
				099D0AFE26E783F100960001 /* Preview Content */,
			);
			path = GithubNotifications;
			sourceTree = "<group>";
		};
		099D0AFE26E783F100960001 /* Preview Content */ = {
			isa = PBXGroup;
			children = (
				099D0AFF26E783F100960001 /* Preview Assets.xcassets */,
			);
			path = "Preview Content";
			sourceTree = "<group>";
		};
		099D0B0C26E783F200960001 /* GithubNotificationsTests */ = {
			isa = PBXGroup;
			children = (
				099D0B0D26E783F200960001 /* GithubNotificationsTests.swift */,
				099D0B0F26E783F200960001 /* Info.plist */,
			);
			path = GithubNotificationsTests;
			sourceTree = "<group>";
		};
		099D0B1726E783F200960001 /* GithubNotificationsUITests */ = {
			isa = PBXGroup;
			children = (
				099D0B1826E783F200960001 /* GithubNotificationsUITests.swift */,
				099D0B1A26E783F200960001 /* Info.plist */,
			);
			path = GithubNotificationsUITests;
			sourceTree = "<group>";
		};
		099D0B2D26E7878000960001 /* Source */ = {
			isa = PBXGroup;
			children = (
				099D0B3026E787B200960001 /* Application */,
				9001258C26E9F24600C2643C /* Extensions */,
				900125D126EB607600C2643C /* Models */,
				099D0B3126E787C400960001 /* Module */,
				0902826E26EB24240010F02E /* Models */,
				099D0B3626E789FE00960001 /* Services */,
				9001258726E9EFD300C2643C /* Views */,
			);
			path = Source;
			sourceTree = "<group>";
		};
		099D0B2E26E7878B00960001 /* AppDelegate */ = {
			isa = PBXGroup;
			children = (
				099D0AF626E783EC00960001 /* AppDelegate.swift */,
			);
			path = AppDelegate;
			sourceTree = "<group>";
		};
		099D0B2F26E7879800960001 /* SceneDelegate */ = {
			isa = PBXGroup;
			children = (
				099D0AF826E783EC00960001 /* SceneDelegate.swift */,
			);
			path = SceneDelegate;
			sourceTree = "<group>";
		};
		099D0B3026E787B200960001 /* Application */ = {
			isa = PBXGroup;
			children = (
				099D0B2E26E7878B00960001 /* AppDelegate */,
				099D0B3426E7881C00960001 /* Configurations */,
				099D0B7926E78B6200960001 /* Constants */,
				099D0B3326E787E100960001 /* LaunchScreen */,
				099D0B3226E787D500960001 /* Resources */,
				099D0B2F26E7879800960001 /* SceneDelegate */,
			);
			path = Application;
			sourceTree = "<group>";
		};
		099D0B3126E787C400960001 /* Module */ = {
			isa = PBXGroup;
			children = (
				8458AF7926E87311009F1B9B /* Login */,
				849FF14326E925470006F955 /* Main */,
				0902828A26EB54140010F02E /* General */,
				9001258426E9E98000C2643C /* Repository */,
				900125B426EA189900C2643C /* SearchRepository */,
			);
			path = Module;
			sourceTree = "<group>";
		};
		099D0B3226E787D500960001 /* Resources */ = {
			isa = PBXGroup;
			children = (
				099D0AFC26E783F100960001 /* Assets.xcassets */,
			);
			path = Resources;
			sourceTree = "<group>";
		};
		099D0B3326E787E100960001 /* LaunchScreen */ = {
			isa = PBXGroup;
			children = (
				099D0B0126E783F100960001 /* LaunchScreen.storyboard */,
			);
			path = LaunchScreen;
			sourceTree = "<group>";
		};
		099D0B3426E7881C00960001 /* Configurations */ = {
			isa = PBXGroup;
			children = (
				099D0B3526E7882200960001 /* Plists */,
			);
			path = Configurations;
			sourceTree = "<group>";
		};
		099D0B3526E7882200960001 /* Plists */ = {
			isa = PBXGroup;
			children = (
				099D0B0426E783F100960001 /* Info.plist */,
			);
			path = Plists;
			sourceTree = "<group>";
		};
		099D0B3626E789FE00960001 /* Services */ = {
			isa = PBXGroup;
			children = (
				09D7774D26EF35EB00417BD1 /* NetworkPoll */,
				0902828226EB360D0010F02E /* Keychain */,
				099D0B3726E78A2B00960001 /* Network */,
			);
			path = Services;
			sourceTree = "<group>";
		};
		099D0B3726E78A2B00960001 /* Network */ = {
			isa = PBXGroup;
			children = (
				0902827F26EB35150010F02E /* Interceptors */,
				099D0B3826E78A2B00960001 /* API */,
				099D0B4A26E78A2B00960001 /* Factory */,
				0902827526EB29070010F02E /* RequestConfigurations */,
				099D0B4D26E78A2B00960001 /* Services */,
			);
			path = Network;
			sourceTree = "<group>";
		};
		099D0B3826E78A2B00960001 /* API */ = {
			isa = PBXGroup;
			children = (
				099D0B4026E78A2B00960001 /* GithubAPI.swift */,
				099D0B7C26E78DB200960001 /* GithubAPIError.swift */,
				099D0B4326E78A2B00960001 /* Base */,
			);
			path = API;
			sourceTree = "<group>";
		};
		099D0B4326E78A2B00960001 /* Base */ = {
			isa = PBXGroup;
			children = (
				099D0B4526E78A2B00960001 /* Network+Typealias.swift */,
				099D0B4626E78A2B00960001 /* BaseModels.swift */,
				099D0B4726E78A2B00960001 /* Request.swift */,
				099D0B4826E78A2B00960001 /* API.swift */,
				099D0B4926E78A2B00960001 /* RequestConfiguration.swift */,
			);
			path = Base;
			sourceTree = "<group>";
		};
		099D0B4A26E78A2B00960001 /* Factory */ = {
			isa = PBXGroup;
			children = (
				099D0B4B26E78A2B00960001 /* NetworkServiceFactory.swift */,
				099D0B4C26E78A2B00960001 /* DecoderFactory.swift */,
			);
			path = Factory;
			sourceTree = "<group>";
		};
		099D0B4D26E78A2B00960001 /* Services */ = {
			isa = PBXGroup;
			children = (
				0902826C26EB232C0010F02E /* NotificationsService.swift */,
			);
			path = Services;
			sourceTree = "<group>";
		};
		099D0B7926E78B6200960001 /* Constants */ = {
			isa = PBXGroup;
			children = (
				099D0B7A26E78B7400960001 /* Constants.swift */,
			);
			path = Constants;
			sourceTree = "<group>";
		};
		09D7774D26EF35EB00417BD1 /* NetworkPoll */ = {
			isa = PBXGroup;
			children = (
				09D7774E26EF38E700417BD1 /* NetworkPoll.swift */,
			);
			path = NetworkPoll;
			sourceTree = "<group>";
		};
		09D7774C26EB6B4E00417BD1 /* SettingSwitch */ = {
			isa = PBXGroup;
			children = (
				0902828D26EB55D50010F02E /* SettingSwitchView.swift */,
				09D7774A26EB6B4900417BD1 /* SettingSwitchViewModel.swift */,
			);
			path = SettingSwitch;
			sourceTree = "<group>";
		};
		8458AF7926E87311009F1B9B /* Login */ = {
			isa = PBXGroup;
			children = (
				84C9E91326E9D17000B56DD4 /* Views */,
				8458AF7A26E8731F009F1B9B /* LoginScreen.swift */,
			);
			path = Login;
			sourceTree = "<group>";
		};
		849FF14326E925470006F955 /* Main */ = {
			isa = PBXGroup;
			children = (
				099D0AFA26E783EC00960001 /* ContentView.swift */,
			);
			path = Main;
			sourceTree = "<group>";
		};
		84C9E91326E9D17000B56DD4 /* Views */ = {
			isa = PBXGroup;
			children = (
				84C9E91426E9D18F00B56DD4 /* TextLabelWithHyperLink.swift */,
			);
			path = Views;
			sourceTree = "<group>";
		};
		9001258426E9E98000C2643C /* Repository */ = {
			isa = PBXGroup;
			children = (
				9001258526E9E9B500C2643C /* RepositoryScreen.swift */,
			);
			path = Repository;
			sourceTree = "<group>";
		};
		9001258726E9EFD300C2643C /* Views */ = {
			isa = PBXGroup;
			children = (
				900125B026EA057400C2643C /* Buttons */,
				900125CB26EB605500C2643C /* RepositoryCell */,
				0902828F26EB60180010F02E /* Toggles */,
			);
			path = Views;
			sourceTree = "<group>";
		};
		9001258C26E9F24600C2643C /* Extensions */ = {
			isa = PBXGroup;
			children = (
				84C9E91826E9F12900B56DD4 /* NSMutableAttributedString+Range.swift */,
				9001258E26E9F26000C2643C /* Color+Hex.swift */,
				09D7774826EB674100417BD1 /* AppStorage+Key.swift */,
				9001259226E9FB8900C2643C /* View+Border.swift */,
			);
			path = Extensions;
			sourceTree = "<group>";
		};
		900125B026EA057400C2643C /* Buttons */ = {
			isa = PBXGroup;
			children = (
				900125B126EA058300C2643C /* RoundedButtonStyle.swift */,
			);
			path = Buttons;
			sourceTree = "<group>";
		};
		900125B426EA189900C2643C /* SearchRepository */ = {
			isa = PBXGroup;
			children = (
				900125B526EA18AD00C2643C /* SearchRepoScreen.swift */,
				900125B726EB198800C2643C /* SearchBar.swift */,
			);
			path = SearchRepository;
			sourceTree = "<group>";
		};
		900125CB26EB605500C2643C /* RepositoryCell */ = {
			isa = PBXGroup;
			children = (
				900125CC26EB605500C2643C /* RepositoryCellViewModel.swift */,
				900125CD26EB605500C2643C /* RepositoryCell.swift */,
			);
			path = RepositoryCell;
			sourceTree = "<group>";
		};
		900125D126EB607600C2643C /* Models */ = {
			isa = PBXGroup;
			children = (
				900125D226EB607600C2643C /* Repository */,
			);
			path = Models;
			sourceTree = "<group>";
		};
		900125D226EB607600C2643C /* Repository */ = {
			isa = PBXGroup;
			children = (
				900125D326EB607600C2643C /* Repository.swift */,
			);
			path = Repository;
			sourceTree = "<group>";
		};
/* End PBXGroup section */

/* Begin PBXNativeTarget section */
		099D0AF226E783EC00960001 /* GithubNotifications */ = {
			isa = PBXNativeTarget;
			buildConfigurationList = 099D0B1D26E783F200960001 /* Build configuration list for PBXNativeTarget "GithubNotifications" */;
			buildPhases = (
				099D0AEF26E783EC00960001 /* Sources */,
				099D0AF026E783EC00960001 /* Frameworks */,
				099D0AF126E783EC00960001 /* Resources */,
			);
			buildRules = (
			);
			dependencies = (
			);
			name = GithubNotifications;
			packageProductDependencies = (
				099D0B2B26E7875400960001 /* Alamofire */,
				099D0B7F26E85ACA00960001 /* NimbleExtension */,
				0902828826EB47360010F02E /* KeychainSwift */,
			);
			productName = GithubNotifications;
			productReference = 099D0AF326E783EC00960001 /* GithubNotifications.app */;
			productType = "com.apple.product-type.application";
		};
		099D0B0826E783F200960001 /* GithubNotificationsTests */ = {
			isa = PBXNativeTarget;
			buildConfigurationList = 099D0B2026E783F200960001 /* Build configuration list for PBXNativeTarget "GithubNotificationsTests" */;
			buildPhases = (
				099D0B0526E783F200960001 /* Sources */,
				099D0B0626E783F200960001 /* Frameworks */,
				099D0B0726E783F200960001 /* Resources */,
			);
			buildRules = (
			);
			dependencies = (
				099D0B0B26E783F200960001 /* PBXTargetDependency */,
			);
			name = GithubNotificationsTests;
			productName = GithubNotificationsTests;
			productReference = 099D0B0926E783F200960001 /* GithubNotificationsTests.xctest */;
			productType = "com.apple.product-type.bundle.unit-test";
		};
		099D0B1326E783F200960001 /* GithubNotificationsUITests */ = {
			isa = PBXNativeTarget;
			buildConfigurationList = 099D0B2326E783F200960001 /* Build configuration list for PBXNativeTarget "GithubNotificationsUITests" */;
			buildPhases = (
				099D0B1026E783F200960001 /* Sources */,
				099D0B1126E783F200960001 /* Frameworks */,
				099D0B1226E783F200960001 /* Resources */,
			);
			buildRules = (
			);
			dependencies = (
				099D0B1626E783F200960001 /* PBXTargetDependency */,
			);
			name = GithubNotificationsUITests;
			productName = GithubNotificationsUITests;
			productReference = 099D0B1426E783F200960001 /* GithubNotificationsUITests.xctest */;
			productType = "com.apple.product-type.bundle.ui-testing";
		};
/* End PBXNativeTarget section */

/* Begin PBXProject section */
		099D0AEB26E783EC00960001 /* Project object */ = {
			isa = PBXProject;
			attributes = {
				LastSwiftUpdateCheck = 1250;
				LastUpgradeCheck = 1250;
				ORGANIZATIONNAME = Nimblehq;
				TargetAttributes = {
					099D0AF226E783EC00960001 = {
						CreatedOnToolsVersion = 12.5.1;
					};
					099D0B0826E783F200960001 = {
						CreatedOnToolsVersion = 12.5.1;
						TestTargetID = 099D0AF226E783EC00960001;
					};
					099D0B1326E783F200960001 = {
						CreatedOnToolsVersion = 12.5.1;
						TestTargetID = 099D0AF226E783EC00960001;
					};
				};
			};
			buildConfigurationList = 099D0AEE26E783EC00960001 /* Build configuration list for PBXProject "GithubNotifications" */;
			compatibilityVersion = "Xcode 9.3";
			developmentRegion = en;
			hasScannedForEncodings = 0;
			knownRegions = (
				en,
				Base,
			);
			mainGroup = 099D0AEA26E783EC00960001;
			packageReferences = (
				099D0B2A26E7875400960001 /* XCRemoteSwiftPackageReference "Alamofire" */,
				099D0B7E26E85ACA00960001 /* XCRemoteSwiftPackageReference "NimbleExtension" */,
				0902828726EB47360010F02E /* XCRemoteSwiftPackageReference "keychain-swift" */,
			);
			productRefGroup = 099D0AF426E783EC00960001 /* Products */;
			projectDirPath = "";
			projectRoot = "";
			targets = (
				099D0AF226E783EC00960001 /* GithubNotifications */,
				099D0B0826E783F200960001 /* GithubNotificationsTests */,
				099D0B1326E783F200960001 /* GithubNotificationsUITests */,
			);
		};
/* End PBXProject section */

/* Begin PBXResourcesBuildPhase section */
		099D0AF126E783EC00960001 /* Resources */ = {
			isa = PBXResourcesBuildPhase;
			buildActionMask = 2147483647;
			files = (
				099D0B0326E783F100960001 /* LaunchScreen.storyboard in Resources */,
				099D0B0026E783F100960001 /* Preview Assets.xcassets in Resources */,
				099D0AFD26E783F100960001 /* Assets.xcassets in Resources */,
			);
			runOnlyForDeploymentPostprocessing = 0;
		};
		099D0B0726E783F200960001 /* Resources */ = {
			isa = PBXResourcesBuildPhase;
			buildActionMask = 2147483647;
			files = (
			);
			runOnlyForDeploymentPostprocessing = 0;
		};
		099D0B1226E783F200960001 /* Resources */ = {
			isa = PBXResourcesBuildPhase;
			buildActionMask = 2147483647;
			files = (
			);
			runOnlyForDeploymentPostprocessing = 0;
		};
/* End PBXResourcesBuildPhase section */

/* Begin PBXSourcesBuildPhase section */
		099D0AEF26E783EC00960001 /* Sources */ = {
			isa = PBXSourcesBuildPhase;
			buildActionMask = 2147483647;
			files = (
				900125CF26EB605500C2643C /* RepositoryCell.swift in Sources */,
				9001258F26E9F26000C2643C /* Color+Hex.swift in Sources */,
				099D0B6726E78A2B00960001 /* Request.swift in Sources */,
				900125D426EB607600C2643C /* Repository.swift in Sources */,
				0902827126EB25460010F02E /* APINotification.swift in Sources */,
				099D0B6526E78A2B00960001 /* Network+Typealias.swift in Sources */,
				900125B226EA058300C2643C /* RoundedButtonStyle.swift in Sources */,
				900125CE26EB605500C2643C /* RepositoryCellViewModel.swift in Sources */,
				099D0AF726E783EC00960001 /* AppDelegate.swift in Sources */,
				099D0B6B26E78A2B00960001 /* DecoderFactory.swift in Sources */,
				099D0B6626E78A2B00960001 /* BaseModels.swift in Sources */,
				8458AF7B26E8731F009F1B9B /* LoginScreen.swift in Sources */,
				099D0AF926E783EC00960001 /* SceneDelegate.swift in Sources */,
				0902827726EB29270010F02E /* NotificationRequestConfiguration.swift in Sources */,
				099D0B7B26E78B7400960001 /* Constants.swift in Sources */,
				84C9E91526E9D18F00B56DD4 /* TextLabelWithHyperLink.swift in Sources */,
				900125B626EA18AD00C2643C /* SearchRepoScreen.swift in Sources */,
				0902828426EB361F0010F02E /* Keychain.swift in Sources */,
				0902829326EB64D20010F02E /* GeneralScreenViewModel.swift in Sources */,
				0902829326EB64D20010F02E /* GeneralScreenObservable.swift in Sources */,
				099D0B6126E78A2B00960001 /* GithubAPI.swift in Sources */,
				099D0B6926E78A2B00960001 /* RequestConfiguration.swift in Sources */,
				099D0B6A26E78A2B00960001 /* NetworkServiceFactory.swift in Sources */,
				099D0B6826E78A2B00960001 /* API.swift in Sources */,
				0902826D26EB232C0010F02E /* NotificationsService.swift in Sources */,
				0902828626EB364B0010F02E /* KeychainKey.swift in Sources */,
				099D0AFB26E783EC00960001 /* ContentView.swift in Sources */,
				84C9E91926E9F12900B56DD4 /* NSMutableAttributedString+Range.swift in Sources */,
				09D7774926EB674200417BD1 /* AppStorage+Key.swift in Sources */,
				099D0B7D26E78DB200960001 /* GithubAPIError.swift in Sources */,
				09D7774F26EF38E700417BD1 /* NetworkPoll.swift in Sources */,
				900125B826EB198800C2643C /* SearchBar.swift in Sources */,
				9001259326E9FB8900C2643C /* View+Border.swift in Sources */,
				0902828126EB35350010F02E /* AuthenticatedInterceptor.swift in Sources */,
				9001258626E9E9B500C2643C /* RepositoryScreen.swift in Sources */,
				0902827426EB265B0010F02E /* NotificationReason.swift in Sources */,
				09D7774B26EB6B4900417BD1 /* SettingSwitchViewModel.swift in Sources */,
				0902828E26EB55D50010F02E /* SettingSwitchView.swift in Sources */,
				0902828C26EB54220010F02E /* GeneralScreen.swift in Sources */,
				0902829126EB603C0010F02E /* SwitchToggleStyle.swift in Sources */,
			);
			runOnlyForDeploymentPostprocessing = 0;
		};
		099D0B0526E783F200960001 /* Sources */ = {
			isa = PBXSourcesBuildPhase;
			buildActionMask = 2147483647;
			files = (
				099D0B0E26E783F200960001 /* GithubNotificationsTests.swift in Sources */,
			);
			runOnlyForDeploymentPostprocessing = 0;
		};
		099D0B1026E783F200960001 /* Sources */ = {
			isa = PBXSourcesBuildPhase;
			buildActionMask = 2147483647;
			files = (
				099D0B1926E783F200960001 /* GithubNotificationsUITests.swift in Sources */,
			);
			runOnlyForDeploymentPostprocessing = 0;
		};
/* End PBXSourcesBuildPhase section */

/* Begin PBXTargetDependency section */
		099D0B0B26E783F200960001 /* PBXTargetDependency */ = {
			isa = PBXTargetDependency;
			target = 099D0AF226E783EC00960001 /* GithubNotifications */;
			targetProxy = 099D0B0A26E783F200960001 /* PBXContainerItemProxy */;
		};
		099D0B1626E783F200960001 /* PBXTargetDependency */ = {
			isa = PBXTargetDependency;
			target = 099D0AF226E783EC00960001 /* GithubNotifications */;
			targetProxy = 099D0B1526E783F200960001 /* PBXContainerItemProxy */;
		};
/* End PBXTargetDependency section */

/* Begin PBXVariantGroup section */
		099D0B0126E783F100960001 /* LaunchScreen.storyboard */ = {
			isa = PBXVariantGroup;
			children = (
				099D0B0226E783F100960001 /* Base */,
			);
			name = LaunchScreen.storyboard;
			sourceTree = "<group>";
		};
/* End PBXVariantGroup section */

/* Begin XCBuildConfiguration section */
		099D0B1B26E783F200960001 /* Debug */ = {
			isa = XCBuildConfiguration;
			buildSettings = {
				ALWAYS_SEARCH_USER_PATHS = NO;
				CLANG_ANALYZER_NONNULL = YES;
				CLANG_ANALYZER_NUMBER_OBJECT_CONVERSION = YES_AGGRESSIVE;
				CLANG_CXX_LANGUAGE_STANDARD = "gnu++14";
				CLANG_CXX_LIBRARY = "libc++";
				CLANG_ENABLE_MODULES = YES;
				CLANG_ENABLE_OBJC_ARC = YES;
				CLANG_ENABLE_OBJC_WEAK = YES;
				CLANG_WARN_BLOCK_CAPTURE_AUTORELEASING = YES;
				CLANG_WARN_BOOL_CONVERSION = YES;
				CLANG_WARN_COMMA = YES;
				CLANG_WARN_CONSTANT_CONVERSION = YES;
				CLANG_WARN_DEPRECATED_OBJC_IMPLEMENTATIONS = YES;
				CLANG_WARN_DIRECT_OBJC_ISA_USAGE = YES_ERROR;
				CLANG_WARN_DOCUMENTATION_COMMENTS = YES;
				CLANG_WARN_EMPTY_BODY = YES;
				CLANG_WARN_ENUM_CONVERSION = YES;
				CLANG_WARN_INFINITE_RECURSION = YES;
				CLANG_WARN_INT_CONVERSION = YES;
				CLANG_WARN_NON_LITERAL_NULL_CONVERSION = YES;
				CLANG_WARN_OBJC_IMPLICIT_RETAIN_SELF = YES;
				CLANG_WARN_OBJC_LITERAL_CONVERSION = YES;
				CLANG_WARN_OBJC_ROOT_CLASS = YES_ERROR;
				CLANG_WARN_QUOTED_INCLUDE_IN_FRAMEWORK_HEADER = YES;
				CLANG_WARN_RANGE_LOOP_ANALYSIS = YES;
				CLANG_WARN_STRICT_PROTOTYPES = YES;
				CLANG_WARN_SUSPICIOUS_MOVE = YES;
				CLANG_WARN_UNGUARDED_AVAILABILITY = YES_AGGRESSIVE;
				CLANG_WARN_UNREACHABLE_CODE = YES;
				CLANG_WARN__DUPLICATE_METHOD_MATCH = YES;
				COPY_PHASE_STRIP = NO;
				DEBUG_INFORMATION_FORMAT = dwarf;
				ENABLE_STRICT_OBJC_MSGSEND = YES;
				ENABLE_TESTABILITY = YES;
				GCC_C_LANGUAGE_STANDARD = gnu11;
				GCC_DYNAMIC_NO_PIC = NO;
				GCC_NO_COMMON_BLOCKS = YES;
				GCC_OPTIMIZATION_LEVEL = 0;
				GCC_PREPROCESSOR_DEFINITIONS = (
					"DEBUG=1",
					"$(inherited)",
				);
				GCC_WARN_64_TO_32_BIT_CONVERSION = YES;
				GCC_WARN_ABOUT_RETURN_TYPE = YES_ERROR;
				GCC_WARN_UNDECLARED_SELECTOR = YES;
				GCC_WARN_UNINITIALIZED_AUTOS = YES_AGGRESSIVE;
				GCC_WARN_UNUSED_FUNCTION = YES;
				GCC_WARN_UNUSED_VARIABLE = YES;
				IPHONEOS_DEPLOYMENT_TARGET = 14.5;
				MTL_ENABLE_DEBUG_INFO = INCLUDE_SOURCE;
				MTL_FAST_MATH = YES;
				ONLY_ACTIVE_ARCH = YES;
				SDKROOT = iphoneos;
				SWIFT_ACTIVE_COMPILATION_CONDITIONS = DEBUG;
				SWIFT_OPTIMIZATION_LEVEL = "-Onone";
			};
			name = Debug;
		};
		099D0B1C26E783F200960001 /* Release */ = {
			isa = XCBuildConfiguration;
			buildSettings = {
				ALWAYS_SEARCH_USER_PATHS = NO;
				CLANG_ANALYZER_NONNULL = YES;
				CLANG_ANALYZER_NUMBER_OBJECT_CONVERSION = YES_AGGRESSIVE;
				CLANG_CXX_LANGUAGE_STANDARD = "gnu++14";
				CLANG_CXX_LIBRARY = "libc++";
				CLANG_ENABLE_MODULES = YES;
				CLANG_ENABLE_OBJC_ARC = YES;
				CLANG_ENABLE_OBJC_WEAK = YES;
				CLANG_WARN_BLOCK_CAPTURE_AUTORELEASING = YES;
				CLANG_WARN_BOOL_CONVERSION = YES;
				CLANG_WARN_COMMA = YES;
				CLANG_WARN_CONSTANT_CONVERSION = YES;
				CLANG_WARN_DEPRECATED_OBJC_IMPLEMENTATIONS = YES;
				CLANG_WARN_DIRECT_OBJC_ISA_USAGE = YES_ERROR;
				CLANG_WARN_DOCUMENTATION_COMMENTS = YES;
				CLANG_WARN_EMPTY_BODY = YES;
				CLANG_WARN_ENUM_CONVERSION = YES;
				CLANG_WARN_INFINITE_RECURSION = YES;
				CLANG_WARN_INT_CONVERSION = YES;
				CLANG_WARN_NON_LITERAL_NULL_CONVERSION = YES;
				CLANG_WARN_OBJC_IMPLICIT_RETAIN_SELF = YES;
				CLANG_WARN_OBJC_LITERAL_CONVERSION = YES;
				CLANG_WARN_OBJC_ROOT_CLASS = YES_ERROR;
				CLANG_WARN_QUOTED_INCLUDE_IN_FRAMEWORK_HEADER = YES;
				CLANG_WARN_RANGE_LOOP_ANALYSIS = YES;
				CLANG_WARN_STRICT_PROTOTYPES = YES;
				CLANG_WARN_SUSPICIOUS_MOVE = YES;
				CLANG_WARN_UNGUARDED_AVAILABILITY = YES_AGGRESSIVE;
				CLANG_WARN_UNREACHABLE_CODE = YES;
				CLANG_WARN__DUPLICATE_METHOD_MATCH = YES;
				COPY_PHASE_STRIP = NO;
				DEBUG_INFORMATION_FORMAT = "dwarf-with-dsym";
				ENABLE_NS_ASSERTIONS = NO;
				ENABLE_STRICT_OBJC_MSGSEND = YES;
				GCC_C_LANGUAGE_STANDARD = gnu11;
				GCC_NO_COMMON_BLOCKS = YES;
				GCC_WARN_64_TO_32_BIT_CONVERSION = YES;
				GCC_WARN_ABOUT_RETURN_TYPE = YES_ERROR;
				GCC_WARN_UNDECLARED_SELECTOR = YES;
				GCC_WARN_UNINITIALIZED_AUTOS = YES_AGGRESSIVE;
				GCC_WARN_UNUSED_FUNCTION = YES;
				GCC_WARN_UNUSED_VARIABLE = YES;
				IPHONEOS_DEPLOYMENT_TARGET = 14.5;
				MTL_ENABLE_DEBUG_INFO = NO;
				MTL_FAST_MATH = YES;
				SDKROOT = iphoneos;
				SWIFT_COMPILATION_MODE = wholemodule;
				SWIFT_OPTIMIZATION_LEVEL = "-O";
				VALIDATE_PRODUCT = YES;
			};
			name = Release;
		};
		099D0B1E26E783F200960001 /* Debug */ = {
			isa = XCBuildConfiguration;
			buildSettings = {
				ASSETCATALOG_COMPILER_APPICON_NAME = AppIcon;
				ASSETCATALOG_COMPILER_GLOBAL_ACCENT_COLOR_NAME = AccentColor;
				CODE_SIGN_ENTITLEMENTS = GithubNotifications/GithubNotifications.entitlements;
				"CODE_SIGN_IDENTITY[sdk=macosx*]" = "Apple Development";
				CODE_SIGN_STYLE = Automatic;
				DEVELOPMENT_ASSET_PATHS = "\"GithubNotifications/Preview Content\"";
				DEVELOPMENT_TEAM = 4TWS7E2EPE;
				ENABLE_PREVIEWS = YES;
				INFOPLIST_FILE = Source/Application/Configurations/Plists/Info.plist;
				IPHONEOS_DEPLOYMENT_TARGET = 14.3;
				"IPHONEOS_DEPLOYMENT_TARGET[sdk=macosx*]" = 14.2;
				LD_RUNPATH_SEARCH_PATHS = (
					"$(inherited)",
					"@executable_path/Frameworks",
				);
				PRODUCT_BUNDLE_IDENTIFIER = co.nimblehq.GithubNotifications;
				PRODUCT_NAME = "$(TARGET_NAME)";
				SUPPORTS_MACCATALYST = YES;
				SUPPORTS_MAC_DESIGNED_FOR_IPHONE_IPAD = YES;
				SWIFT_VERSION = 5.0;
				TARGETED_DEVICE_FAMILY = "2,6";
			};
			name = Debug;
		};
		099D0B1F26E783F200960001 /* Release */ = {
			isa = XCBuildConfiguration;
			buildSettings = {
				ASSETCATALOG_COMPILER_APPICON_NAME = AppIcon;
				ASSETCATALOG_COMPILER_GLOBAL_ACCENT_COLOR_NAME = AccentColor;
				CODE_SIGN_ENTITLEMENTS = GithubNotifications/GithubNotifications.entitlements;
				"CODE_SIGN_IDENTITY[sdk=macosx*]" = "Developer ID Application";
				CODE_SIGN_STYLE = Manual;
				DEVELOPMENT_ASSET_PATHS = "\"GithubNotifications/Preview Content\"";
				DEVELOPMENT_TEAM = 4TWS7E2EPE;
				ENABLE_PREVIEWS = YES;
				INFOPLIST_FILE = Source/Application/Configurations/Plists/Info.plist;
				IPHONEOS_DEPLOYMENT_TARGET = 14.3;
				"IPHONEOS_DEPLOYMENT_TARGET[sdk=macosx*]" = 14.2;
				LD_RUNPATH_SEARCH_PATHS = (
					"$(inherited)",
					"@executable_path/Frameworks",
				);
				PRODUCT_BUNDLE_IDENTIFIER = co.nimblehq.GithubNotifications;
				"PRODUCT_BUNDLE_IDENTIFIER[sdk=macosx*]" = co.nimblehq.GithubNotifications;
				PRODUCT_NAME = "$(TARGET_NAME)";
				PROVISIONING_PROFILE_SPECIFIER = "";
				"PROVISIONING_PROFILE_SPECIFIER[sdk=macosx*]" = "Manual DeveloperID co.nimblehq.GithubNotifications";
				SUPPORTS_MACCATALYST = YES;
				SUPPORTS_MAC_DESIGNED_FOR_IPHONE_IPAD = YES;
				SWIFT_VERSION = 5.0;
				TARGETED_DEVICE_FAMILY = "2,6";
			};
			name = Release;
		};
		099D0B2126E783F200960001 /* Debug */ = {
			isa = XCBuildConfiguration;
			buildSettings = {
				ALWAYS_EMBED_SWIFT_STANDARD_LIBRARIES = YES;
				BUNDLE_LOADER = "$(TEST_HOST)";
				CODE_SIGN_STYLE = Automatic;
				DEVELOPMENT_TEAM = 35U7QPW4X4;
				INFOPLIST_FILE = GithubNotificationsTests/Info.plist;
				IPHONEOS_DEPLOYMENT_TARGET = 14.5;
				LD_RUNPATH_SEARCH_PATHS = (
					"$(inherited)",
					"@executable_path/Frameworks",
					"@loader_path/Frameworks",
				);
				PRODUCT_BUNDLE_IDENTIFIER = com.nimblehq.GithubNotificationsTests;
				PRODUCT_NAME = "$(TARGET_NAME)";
				SWIFT_VERSION = 5.0;
				TARGETED_DEVICE_FAMILY = "1,2";
				TEST_HOST = "$(BUILT_PRODUCTS_DIR)/GithubNotifications.app/GithubNotifications";
			};
			name = Debug;
		};
		099D0B2226E783F200960001 /* Release */ = {
			isa = XCBuildConfiguration;
			buildSettings = {
				ALWAYS_EMBED_SWIFT_STANDARD_LIBRARIES = YES;
				BUNDLE_LOADER = "$(TEST_HOST)";
				CODE_SIGN_STYLE = Automatic;
				DEVELOPMENT_TEAM = 35U7QPW4X4;
				INFOPLIST_FILE = GithubNotificationsTests/Info.plist;
				IPHONEOS_DEPLOYMENT_TARGET = 14.5;
				LD_RUNPATH_SEARCH_PATHS = (
					"$(inherited)",
					"@executable_path/Frameworks",
					"@loader_path/Frameworks",
				);
				PRODUCT_BUNDLE_IDENTIFIER = com.nimblehq.GithubNotificationsTests;
				PRODUCT_NAME = "$(TARGET_NAME)";
				SWIFT_VERSION = 5.0;
				TARGETED_DEVICE_FAMILY = "1,2";
				TEST_HOST = "$(BUILT_PRODUCTS_DIR)/GithubNotifications.app/GithubNotifications";
			};
			name = Release;
		};
		099D0B2426E783F200960001 /* Debug */ = {
			isa = XCBuildConfiguration;
			buildSettings = {
				ALWAYS_EMBED_SWIFT_STANDARD_LIBRARIES = YES;
				CODE_SIGN_STYLE = Automatic;
				DEVELOPMENT_TEAM = 35U7QPW4X4;
				INFOPLIST_FILE = GithubNotificationsUITests/Info.plist;
				LD_RUNPATH_SEARCH_PATHS = (
					"$(inherited)",
					"@executable_path/Frameworks",
					"@loader_path/Frameworks",
				);
				PRODUCT_BUNDLE_IDENTIFIER = com.nimblehq.GithubNotificationsUITests;
				PRODUCT_NAME = "$(TARGET_NAME)";
				SWIFT_VERSION = 5.0;
				TARGETED_DEVICE_FAMILY = "1,2";
				TEST_TARGET_NAME = GithubNotifications;
			};
			name = Debug;
		};
		099D0B2526E783F200960001 /* Release */ = {
			isa = XCBuildConfiguration;
			buildSettings = {
				ALWAYS_EMBED_SWIFT_STANDARD_LIBRARIES = YES;
				CODE_SIGN_STYLE = Automatic;
				DEVELOPMENT_TEAM = 35U7QPW4X4;
				INFOPLIST_FILE = GithubNotificationsUITests/Info.plist;
				LD_RUNPATH_SEARCH_PATHS = (
					"$(inherited)",
					"@executable_path/Frameworks",
					"@loader_path/Frameworks",
				);
				PRODUCT_BUNDLE_IDENTIFIER = com.nimblehq.GithubNotificationsUITests;
				PRODUCT_NAME = "$(TARGET_NAME)";
				SWIFT_VERSION = 5.0;
				TARGETED_DEVICE_FAMILY = "1,2";
				TEST_TARGET_NAME = GithubNotifications;
			};
			name = Release;
		};
/* End XCBuildConfiguration section */

/* Begin XCConfigurationList section */
		099D0AEE26E783EC00960001 /* Build configuration list for PBXProject "GithubNotifications" */ = {
			isa = XCConfigurationList;
			buildConfigurations = (
				099D0B1B26E783F200960001 /* Debug */,
				099D0B1C26E783F200960001 /* Release */,
			);
			defaultConfigurationIsVisible = 0;
			defaultConfigurationName = Release;
		};
		099D0B1D26E783F200960001 /* Build configuration list for PBXNativeTarget "GithubNotifications" */ = {
			isa = XCConfigurationList;
			buildConfigurations = (
				099D0B1E26E783F200960001 /* Debug */,
				099D0B1F26E783F200960001 /* Release */,
			);
			defaultConfigurationIsVisible = 0;
			defaultConfigurationName = Release;
		};
		099D0B2026E783F200960001 /* Build configuration list for PBXNativeTarget "GithubNotificationsTests" */ = {
			isa = XCConfigurationList;
			buildConfigurations = (
				099D0B2126E783F200960001 /* Debug */,
				099D0B2226E783F200960001 /* Release */,
			);
			defaultConfigurationIsVisible = 0;
			defaultConfigurationName = Release;
		};
		099D0B2326E783F200960001 /* Build configuration list for PBXNativeTarget "GithubNotificationsUITests" */ = {
			isa = XCConfigurationList;
			buildConfigurations = (
				099D0B2426E783F200960001 /* Debug */,
				099D0B2526E783F200960001 /* Release */,
			);
			defaultConfigurationIsVisible = 0;
			defaultConfigurationName = Release;
		};
/* End XCConfigurationList section */

/* Begin XCRemoteSwiftPackageReference section */
		0902828726EB47360010F02E /* XCRemoteSwiftPackageReference "keychain-swift" */ = {
			isa = XCRemoteSwiftPackageReference;
			repositoryURL = "https://github.com/evgenyneu/keychain-swift.git";
			requirement = {
				kind = upToNextMajorVersion;
				minimumVersion = 19.0.0;
			};
		};
		099D0B2A26E7875400960001 /* XCRemoteSwiftPackageReference "Alamofire" */ = {
			isa = XCRemoteSwiftPackageReference;
			repositoryURL = "https://github.com/Alamofire/Alamofire.git";
			requirement = {
				kind = upToNextMajorVersion;
				minimumVersion = 5.4.3;
			};
		};
		099D0B7E26E85ACA00960001 /* XCRemoteSwiftPackageReference "NimbleExtension" */ = {
			isa = XCRemoteSwiftPackageReference;
			repositoryURL = "https://github.com/nimblehq/NimbleExtension.git";
			requirement = {
				branch = feature/spm;
				kind = branch;
			};
		};
/* End XCRemoteSwiftPackageReference section */

/* Begin XCSwiftPackageProductDependency section */
		0902828826EB47360010F02E /* KeychainSwift */ = {
			isa = XCSwiftPackageProductDependency;
			package = 0902828726EB47360010F02E /* XCRemoteSwiftPackageReference "keychain-swift" */;
			productName = KeychainSwift;
		};
		099D0B2B26E7875400960001 /* Alamofire */ = {
			isa = XCSwiftPackageProductDependency;
			package = 099D0B2A26E7875400960001 /* XCRemoteSwiftPackageReference "Alamofire" */;
			productName = Alamofire;
		};
		099D0B7F26E85ACA00960001 /* NimbleExtension */ = {
			isa = XCSwiftPackageProductDependency;
			package = 099D0B7E26E85ACA00960001 /* XCRemoteSwiftPackageReference "NimbleExtension" */;
			productName = NimbleExtension;
		};
/* End XCSwiftPackageProductDependency section */
	};
	rootObject = 099D0AEB26E783EC00960001 /* Project object */;
}
